
Microsoft Visual Studio Solution File, Format Version 12.00
# Visual Studio 15
VisualStudioVersion = 15.0.27703.2026
MinimumVisualStudioVersion = 10.0.40219.1
Project("{FAE04EC0-301F-11D3-BF4B-00C04F79EFBC}") = "MyContacts", "MyContacts\MyContacts.csproj", "{D09654B6-C59C-4704-B44A-BEF2B91BE66E}"
EndProject
Global
	GlobalSection(SolutionConfigurationPlatforms) = preSolution
		Debug|Any CPU = Debug|Any CPU
		Release|Any CPU = Release|Any CPU
	EndGlobalSection
	GlobalSection(ProjectConfigurationPlatforms) = postSolution
		{D09654B6-C59C-4704-B44A-BEF2B91BE66E}.Debug|Any CPU.ActiveCfg = Debug|Any CPU
		{D09654B6-C59C-4704-B44A-BEF2B91BE66E}.Debug|Any CPU.Build.0 = Debug|Any CPU
		{D09654B6-C59C-4704-B44A-BEF2B91BE66E}.Release|Any CPU.ActiveCfg = Release|Any CPU
		{D09654B6-C59C-4704-B44A-BEF2B91BE66E}.Release|Any CPU.Build.0 = Release|Any CPU
	EndGlobalSection
	GlobalSection(SolutionProperties) = preSolution
		HideSolutionNode = FALSE
	EndGlobalSection
	GlobalSection(ExtensibilityGlobals) = postSolution
		SolutionGuid = {DA80E91E-E2F0-49F4-A29C-F9D844D4AE77}
	EndGlobalSection
EndGlobal
